
Microsoft Visual Studio Solution File, Format Version 12.00
# Visual Studio Version 17
VisualStudioVersion = 17.7.34018.315
MinimumVisualStudioVersion = 10.0.40219.1
Project("{8BC9CEB8-8B4A-11D0-8D11-00A0C91BC942}") = "Ex2_22", "Ex2_22\Ex2_22.vcxproj", "{5E95929C-27C4-4474-AEFB-9970F21DDA29}"
EndProject
Project("{8BC9CEB8-8B4A-11D0-8D11-00A0C91BC942}") = "ExReturningRef", "ExReturningRef\ExReturningRef.vcxproj", "{0A9F794E-9C3D-4777-BD77-62292187F95D}"
EndProject
Project("{8BC9CEB8-8B4A-11D0-8D11-00A0C91BC942}") = "MemoryDynamicAllocation", "MemoryDynamicAllocation\MemoryDynamicAllocation.vcxproj", "{9F145463-33D2-4546-84AE-1DEF78746031}"
EndProject
Project("{8BC9CEB8-8B4A-11D0-8D11-00A0C91BC942}") = "Ex6_4", "Ex6_4\Ex6_4.vcxproj", "{865EBCB5-185D-4174-9C55-63AD089265AD}"
EndProject
Project("{8BC9CEB8-8B4A-11D0-8D11-00A0C91BC942}") = "ExternalDefinitionOfMemberFunction", "ExternalDefinitionOfMemberFunction\ExternalDefinitionOfMemberFunction.vcxproj", "{8567D5B1-8357-4DF6-B39B-9D76942DEB5D}"
EndProject
Project("{8BC9CEB8-8B4A-11D0-8D11-00A0C91BC942}") = "Ex7_4", "Ex7_4\Ex7_4.vcxproj", "{E40E100F-0B91-4BF3-8F3A-6BE8FCE424EB}"
EndProject
Project("{8BC9CEB8-8B4A-11D0-8D11-00A0C91BC942}") = "Ex7_9", "Ex7_9\Ex7_9.vcxproj", "{856DCD5B-2CF3-477C-A847-AA3D5C4C4FDE}"
EndProject
Project("{8BC9CEB8-8B4A-11D0-8D11-00A0C91BC942}") = "Ex8_5", "Ex8_5\Ex8_5.vcxproj", "{63151870-DDFE-49EF-BB42-9D4DA675FD1A}"
EndProject
Project("{8BC9CEB8-8B4A-11D0-8D11-00A0C91BC942}") = "Ex9_2", "Ex9_2\Ex9_2.vcxproj", "{B44CF8D6-7AA4-473B-8ADF-B874B26625A8}"
EndProject
Project("{8BC9CEB8-8B4A-11D0-8D11-00A0C91BC942}") = "StringClassAssignmentOperatorOverloading", "StringClassAssignmentOperatorOverloading\StringClassAssignmentOperatorOverloading.vcxproj", "{175BB33D-16AC-4EE4-9AA6-8717C4C15AA6}"
EndProject
Project("{8BC9CEB8-8B4A-11D0-8D11-00A0C91BC942}") = "Mex2", "Mex2\Mex2.vcxproj", "{F6D9BAF4-DB59-46E2-9257-E0F09F3C780E}"
EndProject
Project("{8BC9CEB8-8B4A-11D0-8D11-00A0C91BC942}") = "Mex3", "Mex3\Mex3.vcxproj", "{22D71A64-5FFB-44BF-9A1F-61FD87079846}"
EndProject
Project("{8BC9CEB8-8B4A-11D0-8D11-00A0C91BC942}") = "Mex4", "Mex4\Mex4.vcxproj", "{EFBFC57D-6558-4871-B475-18029C0B8C81}"
EndProject
Project("{8BC9CEB8-8B4A-11D0-8D11-00A0C91BC942}") = "Mex5", "Mex5\Mex5.vcxproj", "{37C6FDB5-F035-4ACC-9E77-CA6A97F3443F}"
EndProject
Project("{8BC9CEB8-8B4A-11D0-8D11-00A0C91BC942}") = "Mex6", "Mex6\Mex6.vcxproj", "{9B58178D-DF87-4E5E-8FAE-7DE9386BA6D2}"
EndProject
Project("{8BC9CEB8-8B4A-11D0-8D11-00A0C91BC942}") = "Mex7", "Mex7\Mex7.vcxproj", "{4035DC08-E311-47F4-ADD0-083121043F46}"
EndProject
Project("{8BC9CEB8-8B4A-11D0-8D11-00A0C91BC942}") = "Mex8", "Mex8\Mex8.vcxproj", "{ABAD1FE4-B38B-4DD2-8CA4-6FAE0E63F857}"
EndProject
Project("{8BC9CEB8-8B4A-11D0-8D11-00A0C91BC942}") = "Mex9", "Mex9\Mex9.vcxproj", "{FCC184C8-A46F-4BC5-A2D6-18FAC08148AB}"
EndProject
Project("{8BC9CEB8-8B4A-11D0-8D11-00A0C91BC942}") = "Mex10", "Mex10\Mex10.vcxproj", "{9D8D7499-CDA7-4760-9025-4D808802A774}"
EndProject
Project("{8BC9CEB8-8B4A-11D0-8D11-00A0C91BC942}") = "Mex11", "Mex11\Mex11.vcxproj", "{CCD559BA-3233-4121-B4A9-534EA630BF58}"
EndProject
Project("{8BC9CEB8-8B4A-11D0-8D11-00A0C91BC942}") = "Mex12", "Mex12\Mex12.vcxproj", "{EC569571-33F0-4485-A866-F26360F18925}"
EndProject
Project("{8BC9CEB8-8B4A-11D0-8D11-00A0C91BC942}") = "Mex13", "Mex13\Mex13.vcxproj", "{43D8FEFE-EBDA-46F9-8CE4-63A32B77B7C6}"
EndProject
Project("{8BC9CEB8-8B4A-11D0-8D11-00A0C91BC942}") = "Mex14", "Mex14\Mex14.vcxproj", "{4EC58046-547B-4248-855D-CF5040411BDF}"
EndProject
Project("{8BC9CEB8-8B4A-11D0-8D11-00A0C91BC942}") = "Mex15", "Mex15\Mex15.vcxproj", "{7BB0BEB0-E409-40B7-A9DC-746D3E68E37E}"
EndProject
Project("{8BC9CEB8-8B4A-11D0-8D11-00A0C91BC942}") = "Mex16", "Mex16\Mex16.vcxproj", "{77E401F5-7100-4F75-9A6C-6637902A9E31}"
EndProject
Global
	GlobalSection(SolutionConfigurationPlatforms) = preSolution
		Debug|x64 = Debug|x64
		Debug|x86 = Debug|x86
		Release|x64 = Release|x64
		Release|x86 = Release|x86
	EndGlobalSection
	GlobalSection(ProjectConfigurationPlatforms) = postSolution
		{5E95929C-27C4-4474-AEFB-9970F21DDA29}.Debug|x64.ActiveCfg = Debug|x64
		{5E95929C-27C4-4474-AEFB-9970F21DDA29}.Debug|x64.Build.0 = Debug|x64
		{5E95929C-27C4-4474-AEFB-9970F21DDA29}.Debug|x86.ActiveCfg = Debug|Win32
		{5E95929C-27C4-4474-AEFB-9970F21DDA29}.Debug|x86.Build.0 = Debug|Win32
		{5E95929C-27C4-4474-AEFB-9970F21DDA29}.Release|x64.ActiveCfg = Release|x64
		{5E95929C-27C4-4474-AEFB-9970F21DDA29}.Release|x64.Build.0 = Release|x64
		{5E95929C-27C4-4474-AEFB-9970F21DDA29}.Release|x86.ActiveCfg = Release|Win32
		{5E95929C-27C4-4474-AEFB-9970F21DDA29}.Release|x86.Build.0 = Release|Win32
		{0A9F794E-9C3D-4777-BD77-62292187F95D}.Debug|x64.ActiveCfg = Debug|x64
		{0A9F794E-9C3D-4777-BD77-62292187F95D}.Debug|x64.Build.0 = Debug|x64
		{0A9F794E-9C3D-4777-BD77-62292187F95D}.Debug|x86.ActiveCfg = Debug|Win32
		{0A9F794E-9C3D-4777-BD77-62292187F95D}.Debug|x86.Build.0 = Debug|Win32
		{0A9F794E-9C3D-4777-BD77-62292187F95D}.Release|x64.ActiveCfg = Release|x64
		{0A9F794E-9C3D-4777-BD77-62292187F95D}.Release|x64.Build.0 = Release|x64
		{0A9F794E-9C3D-4777-BD77-62292187F95D}.Release|x86.ActiveCfg = Release|Win32
		{0A9F794E-9C3D-4777-BD77-62292187F95D}.Release|x86.Build.0 = Release|Win32
		{9F145463-33D2-4546-84AE-1DEF78746031}.Debug|x64.ActiveCfg = Debug|x64
		{9F145463-33D2-4546-84AE-1DEF78746031}.Debug|x64.Build.0 = Debug|x64
		{9F145463-33D2-4546-84AE-1DEF78746031}.Debug|x86.ActiveCfg = Debug|Win32
		{9F145463-33D2-4546-84AE-1DEF78746031}.Debug|x86.Build.0 = Debug|Win32
		{9F145463-33D2-4546-84AE-1DEF78746031}.Release|x64.ActiveCfg = Release|x64
		{9F145463-33D2-4546-84AE-1DEF78746031}.Release|x64.Build.0 = Release|x64
		{9F145463-33D2-4546-84AE-1DEF78746031}.Release|x86.ActiveCfg = Release|Win32
		{9F145463-33D2-4546-84AE-1DEF78746031}.Release|x86.Build.0 = Release|Win32
		{865EBCB5-185D-4174-9C55-63AD089265AD}.Debug|x64.ActiveCfg = Debug|x64
		{865EBCB5-185D-4174-9C55-63AD089265AD}.Debug|x64.Build.0 = Debug|x64
		{865EBCB5-185D-4174-9C55-63AD089265AD}.Debug|x86.ActiveCfg = Debug|Win32
		{865EBCB5-185D-4174-9C55-63AD089265AD}.Debug|x86.Build.0 = Debug|Win32
		{865EBCB5-185D-4174-9C55-63AD089265AD}.Release|x64.ActiveCfg = Release|x64
		{865EBCB5-185D-4174-9C55-63AD089265AD}.Release|x64.Build.0 = Release|x64
		{865EBCB5-185D-4174-9C55-63AD089265AD}.Release|x86.ActiveCfg = Release|Win32
		{865EBCB5-185D-4174-9C55-63AD089265AD}.Release|x86.Build.0 = Release|Win32
		{8567D5B1-8357-4DF6-B39B-9D76942DEB5D}.Debug|x64.ActiveCfg = Debug|x64
		{8567D5B1-8357-4DF6-B39B-9D76942DEB5D}.Debug|x64.Build.0 = Debug|x64
		{8567D5B1-8357-4DF6-B39B-9D76942DEB5D}.Debug|x86.ActiveCfg = Debug|Win32
		{8567D5B1-8357-4DF6-B39B-9D76942DEB5D}.Debug|x86.Build.0 = Debug|Win32
		{8567D5B1-8357-4DF6-B39B-9D76942DEB5D}.Release|x64.ActiveCfg = Release|x64
		{8567D5B1-8357-4DF6-B39B-9D76942DEB5D}.Release|x64.Build.0 = Release|x64
		{8567D5B1-8357-4DF6-B39B-9D76942DEB5D}.Release|x86.ActiveCfg = Release|Win32
		{8567D5B1-8357-4DF6-B39B-9D76942DEB5D}.Release|x86.Build.0 = Release|Win32
		{E40E100F-0B91-4BF3-8F3A-6BE8FCE424EB}.Debug|x64.ActiveCfg = Debug|x64
		{E40E100F-0B91-4BF3-8F3A-6BE8FCE424EB}.Debug|x64.Build.0 = Debug|x64
		{E40E100F-0B91-4BF3-8F3A-6BE8FCE424EB}.Debug|x86.ActiveCfg = Debug|Win32
		{E40E100F-0B91-4BF3-8F3A-6BE8FCE424EB}.Debug|x86.Build.0 = Debug|Win32
		{E40E100F-0B91-4BF3-8F3A-6BE8FCE424EB}.Release|x64.ActiveCfg = Release|x64
		{E40E100F-0B91-4BF3-8F3A-6BE8FCE424EB}.Release|x64.Build.0 = Release|x64
		{E40E100F-0B91-4BF3-8F3A-6BE8FCE424EB}.Release|x86.ActiveCfg = Release|Win32
		{E40E100F-0B91-4BF3-8F3A-6BE8FCE424EB}.Release|x86.Build.0 = Release|Win32
		{856DCD5B-2CF3-477C-A847-AA3D5C4C4FDE}.Debug|x64.ActiveCfg = Debug|x64
		{856DCD5B-2CF3-477C-A847-AA3D5C4C4FDE}.Debug|x64.Build.0 = Debug|x64
		{856DCD5B-2CF3-477C-A847-AA3D5C4C4FDE}.Debug|x86.ActiveCfg = Debug|Win32
		{856DCD5B-2CF3-477C-A847-AA3D5C4C4FDE}.Debug|x86.Build.0 = Debug|Win32
		{856DCD5B-2CF3-477C-A847-AA3D5C4C4FDE}.Release|x64.ActiveCfg = Release|x64
		{856DCD5B-2CF3-477C-A847-AA3D5C4C4FDE}.Release|x64.Build.0 = Release|x64
		{856DCD5B-2CF3-477C-A847-AA3D5C4C4FDE}.Release|x86.ActiveCfg = Release|Win32
		{856DCD5B-2CF3-477C-A847-AA3D5C4C4FDE}.Release|x86.Build.0 = Release|Win32
		{63151870-DDFE-49EF-BB42-9D4DA675FD1A}.Debug|x64.ActiveCfg = Debug|x64
		{63151870-DDFE-49EF-BB42-9D4DA675FD1A}.Debug|x64.Build.0 = Debug|x64
		{63151870-DDFE-49EF-BB42-9D4DA675FD1A}.Debug|x86.ActiveCfg = Debug|Win32
		{63151870-DDFE-49EF-BB42-9D4DA675FD1A}.Debug|x86.Build.0 = Debug|Win32
		{63151870-DDFE-49EF-BB42-9D4DA675FD1A}.Release|x64.ActiveCfg = Release|x64
		{63151870-DDFE-49EF-BB42-9D4DA675FD1A}.Release|x64.Build.0 = Release|x64
		{63151870-DDFE-49EF-BB42-9D4DA675FD1A}.Release|x86.ActiveCfg = Release|Win32
		{63151870-DDFE-49EF-BB42-9D4DA675FD1A}.Release|x86.Build.0 = Release|Win32
		{B44CF8D6-7AA4-473B-8ADF-B874B26625A8}.Debug|x64.ActiveCfg = Debug|x64
		{B44CF8D6-7AA4-473B-8ADF-B874B26625A8}.Debug|x64.Build.0 = Debug|x64
		{B44CF8D6-7AA4-473B-8ADF-B874B26625A8}.Debug|x86.ActiveCfg = Debug|Win32
		{B44CF8D6-7AA4-473B-8ADF-B874B26625A8}.Debug|x86.Build.0 = Debug|Win32
		{B44CF8D6-7AA4-473B-8ADF-B874B26625A8}.Release|x64.ActiveCfg = Release|x64
		{B44CF8D6-7AA4-473B-8ADF-B874B26625A8}.Release|x64.Build.0 = Release|x64
		{B44CF8D6-7AA4-473B-8ADF-B874B26625A8}.Release|x86.ActiveCfg = Release|Win32
		{B44CF8D6-7AA4-473B-8ADF-B874B26625A8}.Release|x86.Build.0 = Release|Win32
		{175BB33D-16AC-4EE4-9AA6-8717C4C15AA6}.Debug|x64.ActiveCfg = Debug|x64
		{175BB33D-16AC-4EE4-9AA6-8717C4C15AA6}.Debug|x64.Build.0 = Debug|x64
		{175BB33D-16AC-4EE4-9AA6-8717C4C15AA6}.Debug|x86.ActiveCfg = Debug|Win32
		{175BB33D-16AC-4EE4-9AA6-8717C4C15AA6}.Debug|x86.Build.0 = Debug|Win32
		{175BB33D-16AC-4EE4-9AA6-8717C4C15AA6}.Release|x64.ActiveCfg = Release|x64
		{175BB33D-16AC-4EE4-9AA6-8717C4C15AA6}.Release|x64.Build.0 = Release|x64
		{175BB33D-16AC-4EE4-9AA6-8717C4C15AA6}.Release|x86.ActiveCfg = Release|Win32
		{175BB33D-16AC-4EE4-9AA6-8717C4C15AA6}.Release|x86.Build.0 = Release|Win32
		{F6D9BAF4-DB59-46E2-9257-E0F09F3C780E}.Debug|x64.ActiveCfg = Debug|x64
		{F6D9BAF4-DB59-46E2-9257-E0F09F3C780E}.Debug|x64.Build.0 = Debug|x64
		{F6D9BAF4-DB59-46E2-9257-E0F09F3C780E}.Debug|x86.ActiveCfg = Debug|Win32
		{F6D9BAF4-DB59-46E2-9257-E0F09F3C780E}.Debug|x86.Build.0 = Debug|Win32
		{F6D9BAF4-DB59-46E2-9257-E0F09F3C780E}.Release|x64.ActiveCfg = Release|x64
		{F6D9BAF4-DB59-46E2-9257-E0F09F3C780E}.Release|x64.Build.0 = Release|x64
		{F6D9BAF4-DB59-46E2-9257-E0F09F3C780E}.Release|x86.ActiveCfg = Release|Win32
		{F6D9BAF4-DB59-46E2-9257-E0F09F3C780E}.Release|x86.Build.0 = Release|Win32
		{22D71A64-5FFB-44BF-9A1F-61FD87079846}.Debug|x64.ActiveCfg = Debug|x64
		{22D71A64-5FFB-44BF-9A1F-61FD87079846}.Debug|x64.Build.0 = Debug|x64
		{22D71A64-5FFB-44BF-9A1F-61FD87079846}.Debug|x86.ActiveCfg = Debug|Win32
		{22D71A64-5FFB-44BF-9A1F-61FD87079846}.Debug|x86.Build.0 = Debug|Win32
		{22D71A64-5FFB-44BF-9A1F-61FD87079846}.Release|x64.ActiveCfg = Release|x64
		{22D71A64-5FFB-44BF-9A1F-61FD87079846}.Release|x64.Build.0 = Release|x64
		{22D71A64-5FFB-44BF-9A1F-61FD87079846}.Release|x86.ActiveCfg = Release|Win32
		{22D71A64-5FFB-44BF-9A1F-61FD87079846}.Release|x86.Build.0 = Release|Win32
		{EFBFC57D-6558-4871-B475-18029C0B8C81}.Debug|x64.ActiveCfg = Debug|x64
		{EFBFC57D-6558-4871-B475-18029C0B8C81}.Debug|x64.Build.0 = Debug|x64
		{EFBFC57D-6558-4871-B475-18029C0B8C81}.Debug|x86.ActiveCfg = Debug|Win32
		{EFBFC57D-6558-4871-B475-18029C0B8C81}.Debug|x86.Build.0 = Debug|Win32
		{EFBFC57D-6558-4871-B475-18029C0B8C81}.Release|x64.ActiveCfg = Release|x64
		{EFBFC57D-6558-4871-B475-18029C0B8C81}.Release|x64.Build.0 = Release|x64
		{EFBFC57D-6558-4871-B475-18029C0B8C81}.Release|x86.ActiveCfg = Release|Win32
		{EFBFC57D-6558-4871-B475-18029C0B8C81}.Release|x86.Build.0 = Release|Win32
		{37C6FDB5-F035-4ACC-9E77-CA6A97F3443F}.Debug|x64.ActiveCfg = Debug|x64
		{37C6FDB5-F035-4ACC-9E77-CA6A97F3443F}.Debug|x64.Build.0 = Debug|x64
		{37C6FDB5-F035-4ACC-9E77-CA6A97F3443F}.Debug|x86.ActiveCfg = Debug|Win32
		{37C6FDB5-F035-4ACC-9E77-CA6A97F3443F}.Debug|x86.Build.0 = Debug|Win32
		{37C6FDB5-F035-4ACC-9E77-CA6A97F3443F}.Release|x64.ActiveCfg = Release|x64
		{37C6FDB5-F035-4ACC-9E77-CA6A97F3443F}.Release|x64.Build.0 = Release|x64
		{37C6FDB5-F035-4ACC-9E77-CA6A97F3443F}.Release|x86.ActiveCfg = Release|Win32
		{37C6FDB5-F035-4ACC-9E77-CA6A97F3443F}.Release|x86.Build.0 = Release|Win32
		{9B58178D-DF87-4E5E-8FAE-7DE9386BA6D2}.Debug|x64.ActiveCfg = Debug|x64
		{9B58178D-DF87-4E5E-8FAE-7DE9386BA6D2}.Debug|x64.Build.0 = Debug|x64
		{9B58178D-DF87-4E5E-8FAE-7DE9386BA6D2}.Debug|x86.ActiveCfg = Debug|Win32
		{9B58178D-DF87-4E5E-8FAE-7DE9386BA6D2}.Debug|x86.Build.0 = Debug|Win32
		{9B58178D-DF87-4E5E-8FAE-7DE9386BA6D2}.Release|x64.ActiveCfg = Release|x64
		{9B58178D-DF87-4E5E-8FAE-7DE9386BA6D2}.Release|x64.Build.0 = Release|x64
		{9B58178D-DF87-4E5E-8FAE-7DE9386BA6D2}.Release|x86.ActiveCfg = Release|Win32
		{9B58178D-DF87-4E5E-8FAE-7DE9386BA6D2}.Release|x86.Build.0 = Release|Win32
		{4035DC08-E311-47F4-ADD0-083121043F46}.Debug|x64.ActiveCfg = Debug|x64
		{4035DC08-E311-47F4-ADD0-083121043F46}.Debug|x64.Build.0 = Debug|x64
		{4035DC08-E311-47F4-ADD0-083121043F46}.Debug|x86.ActiveCfg = Debug|Win32
		{4035DC08-E311-47F4-ADD0-083121043F46}.Debug|x86.Build.0 = Debug|Win32
		{4035DC08-E311-47F4-ADD0-083121043F46}.Release|x64.ActiveCfg = Release|x64
		{4035DC08-E311-47F4-ADD0-083121043F46}.Release|x64.Build.0 = Release|x64
		{4035DC08-E311-47F4-ADD0-083121043F46}.Release|x86.ActiveCfg = Release|Win32
		{4035DC08-E311-47F4-ADD0-083121043F46}.Release|x86.Build.0 = Release|Win32
		{ABAD1FE4-B38B-4DD2-8CA4-6FAE0E63F857}.Debug|x64.ActiveCfg = Debug|x64
		{ABAD1FE4-B38B-4DD2-8CA4-6FAE0E63F857}.Debug|x64.Build.0 = Debug|x64
		{ABAD1FE4-B38B-4DD2-8CA4-6FAE0E63F857}.Debug|x86.ActiveCfg = Debug|Win32
		{ABAD1FE4-B38B-4DD2-8CA4-6FAE0E63F857}.Debug|x86.Build.0 = Debug|Win32
		{ABAD1FE4-B38B-4DD2-8CA4-6FAE0E63F857}.Release|x64.ActiveCfg = Release|x64
		{ABAD1FE4-B38B-4DD2-8CA4-6FAE0E63F857}.Release|x64.Build.0 = Release|x64
		{ABAD1FE4-B38B-4DD2-8CA4-6FAE0E63F857}.Release|x86.ActiveCfg = Release|Win32
		{ABAD1FE4-B38B-4DD2-8CA4-6FAE0E63F857}.Release|x86.Build.0 = Release|Win32
		{FCC184C8-A46F-4BC5-A2D6-18FAC08148AB}.Debug|x64.ActiveCfg = Debug|x64
		{FCC184C8-A46F-4BC5-A2D6-18FAC08148AB}.Debug|x64.Build.0 = Debug|x64
		{FCC184C8-A46F-4BC5-A2D6-18FAC08148AB}.Debug|x86.ActiveCfg = Debug|Win32
		{FCC184C8-A46F-4BC5-A2D6-18FAC08148AB}.Debug|x86.Build.0 = Debug|Win32
		{FCC184C8-A46F-4BC5-A2D6-18FAC08148AB}.Release|x64.ActiveCfg = Release|x64
		{FCC184C8-A46F-4BC5-A2D6-18FAC08148AB}.Release|x64.Build.0 = Release|x64
		{FCC184C8-A46F-4BC5-A2D6-18FAC08148AB}.Release|x86.ActiveCfg = Release|Win32
		{FCC184C8-A46F-4BC5-A2D6-18FAC08148AB}.Release|x86.Build.0 = Release|Win32
		{9D8D7499-CDA7-4760-9025-4D808802A774}.Debug|x64.ActiveCfg = Debug|x64
		{9D8D7499-CDA7-4760-9025-4D808802A774}.Debug|x64.Build.0 = Debug|x64
		{9D8D7499-CDA7-4760-9025-4D808802A774}.Debug|x86.ActiveCfg = Debug|Win32
		{9D8D7499-CDA7-4760-9025-4D808802A774}.Debug|x86.Build.0 = Debug|Win32
		{9D8D7499-CDA7-4760-9025-4D808802A774}.Release|x64.ActiveCfg = Release|x64
		{9D8D7499-CDA7-4760-9025-4D808802A774}.Release|x64.Build.0 = Release|x64
		{9D8D7499-CDA7-4760-9025-4D808802A774}.Release|x86.ActiveCfg = Release|Win32
		{9D8D7499-CDA7-4760-9025-4D808802A774}.Release|x86.Build.0 = Release|Win32
		{CCD559BA-3233-4121-B4A9-534EA630BF58}.Debug|x64.ActiveCfg = Debug|x64
		{CCD559BA-3233-4121-B4A9-534EA630BF58}.Debug|x64.Build.0 = Debug|x64
		{CCD559BA-3233-4121-B4A9-534EA630BF58}.Debug|x86.ActiveCfg = Debug|Win32
		{CCD559BA-3233-4121-B4A9-534EA630BF58}.Debug|x86.Build.0 = Debug|Win32
		{CCD559BA-3233-4121-B4A9-534EA630BF58}.Release|x64.ActiveCfg = Release|x64
		{CCD559BA-3233-4121-B4A9-534EA630BF58}.Release|x64.Build.0 = Release|x64
		{CCD559BA-3233-4121-B4A9-534EA630BF58}.Release|x86.ActiveCfg = Release|Win32
		{CCD559BA-3233-4121-B4A9-534EA630BF58}.Release|x86.Build.0 = Release|Win32
		{EC569571-33F0-4485-A866-F26360F18925}.Debug|x64.ActiveCfg = Debug|x64
		{EC569571-33F0-4485-A866-F26360F18925}.Debug|x64.Build.0 = Debug|x64
		{EC569571-33F0-4485-A866-F26360F18925}.Debug|x86.ActiveCfg = Debug|Win32
		{EC569571-33F0-4485-A866-F26360F18925}.Debug|x86.Build.0 = Debug|Win32
		{EC569571-33F0-4485-A866-F26360F18925}.Release|x64.ActiveCfg = Release|x64
		{EC569571-33F0-4485-A866-F26360F18925}.Release|x64.Build.0 = Release|x64
		{EC569571-33F0-4485-A866-F26360F18925}.Release|x86.ActiveCfg = Release|Win32
		{EC569571-33F0-4485-A866-F26360F18925}.Release|x86.Build.0 = Release|Win32
		{43D8FEFE-EBDA-46F9-8CE4-63A32B77B7C6}.Debug|x64.ActiveCfg = Debug|x64
		{43D8FEFE-EBDA-46F9-8CE4-63A32B77B7C6}.Debug|x64.Build.0 = Debug|x64
		{43D8FEFE-EBDA-46F9-8CE4-63A32B77B7C6}.Debug|x86.ActiveCfg = Debug|Win32
		{43D8FEFE-EBDA-46F9-8CE4-63A32B77B7C6}.Debug|x86.Build.0 = Debug|Win32
		{43D8FEFE-EBDA-46F9-8CE4-63A32B77B7C6}.Release|x64.ActiveCfg = Release|x64
		{43D8FEFE-EBDA-46F9-8CE4-63A32B77B7C6}.Release|x64.Build.0 = Release|x64
		{43D8FEFE-EBDA-46F9-8CE4-63A32B77B7C6}.Release|x86.ActiveCfg = Release|Win32
		{43D8FEFE-EBDA-46F9-8CE4-63A32B77B7C6}.Release|x86.Build.0 = Release|Win32
		{4EC58046-547B-4248-855D-CF5040411BDF}.Debug|x64.ActiveCfg = Debug|x64
		{4EC58046-547B-4248-855D-CF5040411BDF}.Debug|x64.Build.0 = Debug|x64
		{4EC58046-547B-4248-855D-CF5040411BDF}.Debug|x86.ActiveCfg = Debug|Win32
		{4EC58046-547B-4248-855D-CF5040411BDF}.Debug|x86.Build.0 = Debug|Win32
		{4EC58046-547B-4248-855D-CF5040411BDF}.Release|x64.ActiveCfg = Release|x64
		{4EC58046-547B-4248-855D-CF5040411BDF}.Release|x64.Build.0 = Release|x64
		{4EC58046-547B-4248-855D-CF5040411BDF}.Release|x86.ActiveCfg = Release|Win32
		{4EC58046-547B-4248-855D-CF5040411BDF}.Release|x86.Build.0 = Release|Win32
		{7BB0BEB0-E409-40B7-A9DC-746D3E68E37E}.Debug|x64.ActiveCfg = Debug|x64
		{7BB0BEB0-E409-40B7-A9DC-746D3E68E37E}.Debug|x64.Build.0 = Debug|x64
		{7BB0BEB0-E409-40B7-A9DC-746D3E68E37E}.Debug|x86.ActiveCfg = Debug|Win32
		{7BB0BEB0-E409-40B7-A9DC-746D3E68E37E}.Debug|x86.Build.0 = Debug|Win32
		{7BB0BEB0-E409-40B7-A9DC-746D3E68E37E}.Release|x64.ActiveCfg = Release|x64
		{7BB0BEB0-E409-40B7-A9DC-746D3E68E37E}.Release|x64.Build.0 = Release|x64
		{7BB0BEB0-E409-40B7-A9DC-746D3E68E37E}.Release|x86.ActiveCfg = Release|Win32
		{7BB0BEB0-E409-40B7-A9DC-746D3E68E37E}.Release|x86.Build.0 = Release|Win32
		{77E401F5-7100-4F75-9A6C-6637902A9E31}.Debug|x64.ActiveCfg = Debug|x64
		{77E401F5-7100-4F75-9A6C-6637902A9E31}.Debug|x64.Build.0 = Debug|x64
		{77E401F5-7100-4F75-9A6C-6637902A9E31}.Debug|x86.ActiveCfg = Debug|Win32
		{77E401F5-7100-4F75-9A6C-6637902A9E31}.Debug|x86.Build.0 = Debug|Win32
		{77E401F5-7100-4F75-9A6C-6637902A9E31}.Release|x64.ActiveCfg = Release|x64
		{77E401F5-7100-4F75-9A6C-6637902A9E31}.Release|x64.Build.0 = Release|x64
		{77E401F5-7100-4F75-9A6C-6637902A9E31}.Release|x86.ActiveCfg = Release|Win32
		{77E401F5-7100-4F75-9A6C-6637902A9E31}.Release|x86.Build.0 = Release|Win32
	EndGlobalSection
	GlobalSection(SolutionProperties) = preSolution
		HideSolutionNode = FALSE
	EndGlobalSection
	GlobalSection(ExtensibilityGlobals) = postSolution
		SolutionGuid = {CF6555E7-DA27-4CF1-82B2-FAD47EDE8BC0}
	EndGlobalSection
EndGlobal
